
Microsoft Visual Studio Solution File, Format Version 12.00
# Visual Studio Version 17
VisualStudioVersion = 17.0.31903.59
MinimumVisualStudioVersion = 10.0.40219.1
Project("{9A19103F-16F7-4668-BE54-9A1E7A4F7556}") = "Tyuiu.ChashkovTA.Sprint2.Task0.V30.Lib", "Tyuiu.ChashkovTA.Sprint2.Task0.V30.Lib\Tyuiu.ChashkovTA.Sprint2.Task0.V30.Lib.csproj", "{299B16CA-3E89-40A2-80FE-EF5961AC68EF}"
EndProject
Project("{9A19103F-16F7-4668-BE54-9A1E7A4F7556}") = "Tyuiu.ChashkovTA.Sprint2.Task0.V30", "Tyuiu.ChashkovTA.Sprint2.Task0.V30\Tyuiu.ChashkovTA.Sprint2.Task0.V30.csproj", "{4DA81AE9-2497-43C4-91E1-A2B981592A45}"
EndProject
Project("{9A19103F-16F7-4668-BE54-9A1E7A4F7556}") = "Tyuiu.ChashkovTA.Sprint2.Task0.V30.Test", "Tyuiu.ChashkovTA.Sprint2.Task0.V30.Test\Tyuiu.ChashkovTA.Sprint2.Task0.V30.Test.csproj", "{05616A17-A95B-401A-AD40-4DDF8EFEBE61}"
EndProject
Project("{2150E333-8FDC-42A3-9474-1A3956D46DE8}") = "Task0", "Task0", "{0CD30967-37D2-4EEB-809C-F03D5501C3C5}"
EndProject
Project("{9A19103F-16F7-4668-BE54-9A1E7A4F7556}") = "Tyuiu.ChashkovTA.Sprint2.Task1.V4.Lib", "Tyuiu.ChashkovTA.Sprint2.Task1.V4.Lib\Tyuiu.ChashkovTA.Sprint2.Task1.V4.Lib.csproj", "{B4A21DCA-9B6E-43F5-90AE-D9E5FC5BDDF0}"
EndProject
Project("{9A19103F-16F7-4668-BE54-9A1E7A4F7556}") = "Tyuiu.ChashkovTA.Sprint2.Task1.V4", "Tyuiu.ChashkovTA.Sprint2.Task1.V4\Tyuiu.ChashkovTA.Sprint2.Task1.V4.csproj", "{5B8EE355-E10C-4229-ACA1-C838E94576F0}"
EndProject
Project("{9A19103F-16F7-4668-BE54-9A1E7A4F7556}") = "Tyuiu.ChashkovTA.Sprint2.Task1.V4.Test", "Tyuiu.ChashkovTA.Sprint2.Task1.V4.Test\Tyuiu.ChashkovTA.Sprint2.Task1.V4.Test.csproj", "{035A9ACD-81A3-4693-83CF-29889FD2135C}"
EndProject
Project("{2150E333-8FDC-42A3-9474-1A3956D46DE8}") = "Task1", "Task1", "{06D607A8-7D64-4C83-BC81-86D3176C5940}"
EndProject
Project("{9A19103F-16F7-4668-BE54-9A1E7A4F7556}") = "Tyuiu.ChashkovTA.Sprint2.Task2.V6.Lib", "Tyuiu.ChashkovTA.Sprint2.Task2.V6.Lib\Tyuiu.ChashkovTA.Sprint2.Task2.V6.Lib.csproj", "{A84B59B8-CBDC-4A24-8881-A542B9A458AD}"
EndProject
Project("{9A19103F-16F7-4668-BE54-9A1E7A4F7556}") = "Tyuiu.ChashkovTA.Sprint2.Task2.V6", "Tyuiu.ChashkovTA.Sprint2.Task2.V6\Tyuiu.ChashkovTA.Sprint2.Task2.V6.csproj", "{E58E4375-3979-4B62-90B0-660CD90F3687}"
EndProject
Project("{9A19103F-16F7-4668-BE54-9A1E7A4F7556}") = "Tyuiu.ChashkovTA.Sprint2.Task2.V6.Test", "Tyuiu.ChashkovTA.Sprint2.Task2.V6.Test\Tyuiu.ChashkovTA.Sprint2.Task2.V6.Test.csproj", "{37C7272B-0064-4CA9-BDA2-410EADC80DD4}"
EndProject
Project("{2150E333-8FDC-42A3-9474-1A3956D46DE8}") = "Task2", "Task2", "{90CED5A2-8D30-4340-9128-490291384100}"
EndProject
Project("{9A19103F-16F7-4668-BE54-9A1E7A4F7556}") = "Tyuiu.ChashkovTA.Sprint2.Task3.V8.Lib", "Tyuiu.ChashkovTA.Sprint2.Task3.V8.Lib\Tyuiu.ChashkovTA.Sprint2.Task3.V8.Lib.csproj", "{9B706B98-50F1-4430-8EDA-E83E573D4F40}"
EndProject
Project("{9A19103F-16F7-4668-BE54-9A1E7A4F7556}") = "Tyuiu.ChashkovTA.Sprint2.Task3.V8", "Tyuiu.ChashkovTA.Sprint2.Task3.V8\Tyuiu.ChashkovTA.Sprint2.Task3.V8.csproj", "{E12B43B1-F6C7-405C-B0AE-34EAFB30166A}"
EndProject
Project("{9A19103F-16F7-4668-BE54-9A1E7A4F7556}") = "Tyuiu.ChashkovTA.Sprint2.Task3.V8.Test", "Tyuiu.ChashkovTA.Sprint2.Task3.V8.Test\Tyuiu.ChashkovTA.Sprint2.Task3.V8.Test.csproj", "{3F768B79-3284-4DE4-95B4-AD6D8DF5563B}"
EndProject
Project("{2150E333-8FDC-42A3-9474-1A3956D46DE8}") = "Task3", "Task3", "{52D7BE43-6EC1-4ADA-A385-8082C515F2D6}"
EndProject
Project("{9A19103F-16F7-4668-BE54-9A1E7A4F7556}") = "Tyuiu.ChashkovTA.Sprint2.Task4.V13.Lib", "Tyuiu.ChashkovTA.Sprint2.Task4.V13.Lib\Tyuiu.ChashkovTA.Sprint2.Task4.V13.Lib.csproj", "{CA17BB34-6DF3-4633-A10A-8329086FD7B3}"
EndProject
Project("{9A19103F-16F7-4668-BE54-9A1E7A4F7556}") = "Tyuiu.ChashkovTA.Sprint2.Task4.V13", "Tyuiu.ChashkovTA.Sprint2.Task4.V13\Tyuiu.ChashkovTA.Sprint2.Task4.V13.csproj", "{F710643B-DE3A-46EC-BE20-000986EFD540}"
EndProject
Project("{9A19103F-16F7-4668-BE54-9A1E7A4F7556}") = "Tyuiu.ChashkovTA.Sprint2.Task4.V13.Test", "Tyuiu.ChashkovTA.Sprint2.Task4.V13.Test\Tyuiu.ChashkovTA.Sprint2.Task4.V13.Test.csproj", "{5FB50481-8A84-46B3-8043-1A8D24077592}"
EndProject
Project("{2150E333-8FDC-42A3-9474-1A3956D46DE8}") = "Task4", "Task4", "{E8F693D3-8072-4DBA-995F-5771ECA558D0}"
EndProject
Project("{9A19103F-16F7-4668-BE54-9A1E7A4F7556}") = "Tyuiu.ChashkovTA.Sprint2.Task5.V15.Lib", "Tyuiu.ChashkovTA.Sprint2.Task5.V15.Lib\Tyuiu.ChashkovTA.Sprint2.Task5.V15.Lib.csproj", "{FCC178AD-D8B7-46DE-8DD8-240A4FBD35FA}"
EndProject
Project("{9A19103F-16F7-4668-BE54-9A1E7A4F7556}") = "Tyuiu.ChashkovTA.Sprint2.Task5.V15", "Tyuiu.ChashkovTA.Sprint2.Task5.V15\Tyuiu.ChashkovTA.Sprint2.Task5.V15.csproj", "{51CCC6FA-C9C0-4F80-B5D9-E91FE7447326}"
EndProject
Project("{9A19103F-16F7-4668-BE54-9A1E7A4F7556}") = "Tyuiu.ChashkovTA.Sprint2.Task5.V15.Test", "Tyuiu.ChashkovTA.Sprint2.Task5.V15.Test\Tyuiu.ChashkovTA.Sprint2.Task5.V15.Test.csproj", "{A26A4205-410B-46C3-9113-0D1A24B9D728}"
EndProject
Project("{2150E333-8FDC-42A3-9474-1A3956D46DE8}") = "Task5", "Task5", "{17301762-DAFC-4129-A0B9-E1C4D8461128}"
EndProject
Project("{9A19103F-16F7-4668-BE54-9A1E7A4F7556}") = "Tyuiu.ChashkovTA.Sprint2.Task6.V12.Lib", "Tyuiu.ChashkovTA.Sprint2.Task6.V12.Lib\Tyuiu.ChashkovTA.Sprint2.Task6.V12.Lib.csproj", "{9E77F73A-58DF-48AB-A26E-45C6590E0EC5}"
EndProject
Project("{9A19103F-16F7-4668-BE54-9A1E7A4F7556}") = "Tyuiu.ChashkovTA.Sprint2.Task6.V12", "Tyuiu.ChashkovTA.Sprint2.Task6.V12\Tyuiu.ChashkovTA.Sprint2.Task6.V12.csproj", "{E77EC233-EFF2-42B6-88A4-59D9293FFA76}"
EndProject
Project("{9A19103F-16F7-4668-BE54-9A1E7A4F7556}") = "Tyuiu.ChashkovTA.Sprint2.Task6.V12.Test", "Tyuiu.ChashkovTA.Sprint2.Task6.V12.Test\Tyuiu.ChashkovTA.Sprint2.Task6.V12.Test.csproj", "{62A68F02-336F-480D-828C-4A173FF25AC2}"
EndProject
Project("{2150E333-8FDC-42A3-9474-1A3956D46DE8}") = "Task6", "Task6", "{56783347-7E22-4FE5-B6E2-EA8CD42794B3}"
EndProject
Global
	GlobalSection(SolutionConfigurationPlatforms) = preSolution
		Debug|Any CPU = Debug|Any CPU
		Release|Any CPU = Release|Any CPU
	EndGlobalSection
	GlobalSection(ProjectConfigurationPlatforms) = postSolution
		{299B16CA-3E89-40A2-80FE-EF5961AC68EF}.Debug|Any CPU.ActiveCfg = Debug|Any CPU
		{299B16CA-3E89-40A2-80FE-EF5961AC68EF}.Debug|Any CPU.Build.0 = Debug|Any CPU
		{299B16CA-3E89-40A2-80FE-EF5961AC68EF}.Release|Any CPU.ActiveCfg = Release|Any CPU
		{299B16CA-3E89-40A2-80FE-EF5961AC68EF}.Release|Any CPU.Build.0 = Release|Any CPU
		{4DA81AE9-2497-43C4-91E1-A2B981592A45}.Debug|Any CPU.ActiveCfg = Debug|Any CPU
		{4DA81AE9-2497-43C4-91E1-A2B981592A45}.Debug|Any CPU.Build.0 = Debug|Any CPU
		{4DA81AE9-2497-43C4-91E1-A2B981592A45}.Release|Any CPU.ActiveCfg = Release|Any CPU
		{4DA81AE9-2497-43C4-91E1-A2B981592A45}.Release|Any CPU.Build.0 = Release|Any CPU
		{05616A17-A95B-401A-AD40-4DDF8EFEBE61}.Debug|Any CPU.ActiveCfg = Debug|Any CPU
		{05616A17-A95B-401A-AD40-4DDF8EFEBE61}.Debug|Any CPU.Build.0 = Debug|Any CPU
		{05616A17-A95B-401A-AD40-4DDF8EFEBE61}.Release|Any CPU.ActiveCfg = Release|Any CPU
		{05616A17-A95B-401A-AD40-4DDF8EFEBE61}.Release|Any CPU.Build.0 = Release|Any CPU
		{B4A21DCA-9B6E-43F5-90AE-D9E5FC5BDDF0}.Debug|Any CPU.ActiveCfg = Debug|Any CPU
		{B4A21DCA-9B6E-43F5-90AE-D9E5FC5BDDF0}.Debug|Any CPU.Build.0 = Debug|Any CPU
		{B4A21DCA-9B6E-43F5-90AE-D9E5FC5BDDF0}.Release|Any CPU.ActiveCfg = Release|Any CPU
		{B4A21DCA-9B6E-43F5-90AE-D9E5FC5BDDF0}.Release|Any CPU.Build.0 = Release|Any CPU
		{5B8EE355-E10C-4229-ACA1-C838E94576F0}.Debug|Any CPU.ActiveCfg = Debug|Any CPU
		{5B8EE355-E10C-4229-ACA1-C838E94576F0}.Debug|Any CPU.Build.0 = Debug|Any CPU
		{5B8EE355-E10C-4229-ACA1-C838E94576F0}.Release|Any CPU.ActiveCfg = Release|Any CPU
		{5B8EE355-E10C-4229-ACA1-C838E94576F0}.Release|Any CPU.Build.0 = Release|Any CPU
		{035A9ACD-81A3-4693-83CF-29889FD2135C}.Debug|Any CPU.ActiveCfg = Debug|Any CPU
		{035A9ACD-81A3-4693-83CF-29889FD2135C}.Debug|Any CPU.Build.0 = Debug|Any CPU
		{035A9ACD-81A3-4693-83CF-29889FD2135C}.Release|Any CPU.ActiveCfg = Release|Any CPU
		{035A9ACD-81A3-4693-83CF-29889FD2135C}.Release|Any CPU.Build.0 = Release|Any CPU
		{A84B59B8-CBDC-4A24-8881-A542B9A458AD}.Debug|Any CPU.ActiveCfg = Debug|Any CPU
		{A84B59B8-CBDC-4A24-8881-A542B9A458AD}.Debug|Any CPU.Build.0 = Debug|Any CPU
		{A84B59B8-CBDC-4A24-8881-A542B9A458AD}.Release|Any CPU.ActiveCfg = Release|Any CPU
		{A84B59B8-CBDC-4A24-8881-A542B9A458AD}.Release|Any CPU.Build.0 = Release|Any CPU
		{E58E4375-3979-4B62-90B0-660CD90F3687}.Debug|Any CPU.ActiveCfg = Debug|Any CPU
		{E58E4375-3979-4B62-90B0-660CD90F3687}.Debug|Any CPU.Build.0 = Debug|Any CPU
		{E58E4375-3979-4B62-90B0-660CD90F3687}.Release|Any CPU.ActiveCfg = Release|Any CPU
		{E58E4375-3979-4B62-90B0-660CD90F3687}.Release|Any CPU.Build.0 = Release|Any CPU
		{37C7272B-0064-4CA9-BDA2-410EADC80DD4}.Debug|Any CPU.ActiveCfg = Debug|Any CPU
		{37C7272B-0064-4CA9-BDA2-410EADC80DD4}.Debug|Any CPU.Build.0 = Debug|Any CPU
		{37C7272B-0064-4CA9-BDA2-410EADC80DD4}.Release|Any CPU.ActiveCfg = Release|Any CPU
		{37C7272B-0064-4CA9-BDA2-410EADC80DD4}.Release|Any CPU.Build.0 = Release|Any CPU
		{9B706B98-50F1-4430-8EDA-E83E573D4F40}.Debug|Any CPU.ActiveCfg = Debug|Any CPU
		{9B706B98-50F1-4430-8EDA-E83E573D4F40}.Debug|Any CPU.Build.0 = Debug|Any CPU
		{9B706B98-50F1-4430-8EDA-E83E573D4F40}.Release|Any CPU.ActiveCfg = Release|Any CPU
		{9B706B98-50F1-4430-8EDA-E83E573D4F40}.Release|Any CPU.Build.0 = Release|Any CPU
		{E12B43B1-F6C7-405C-B0AE-34EAFB30166A}.Debug|Any CPU.ActiveCfg = Debug|Any CPU
		{E12B43B1-F6C7-405C-B0AE-34EAFB30166A}.Debug|Any CPU.Build.0 = Debug|Any CPU
		{E12B43B1-F6C7-405C-B0AE-34EAFB30166A}.Release|Any CPU.ActiveCfg = Release|Any CPU
		{E12B43B1-F6C7-405C-B0AE-34EAFB30166A}.Release|Any CPU.Build.0 = Release|Any CPU
		{3F768B79-3284-4DE4-95B4-AD6D8DF5563B}.Debug|Any CPU.ActiveCfg = Debug|Any CPU
		{3F768B79-3284-4DE4-95B4-AD6D8DF5563B}.Debug|Any CPU.Build.0 = Debug|Any CPU
		{3F768B79-3284-4DE4-95B4-AD6D8DF5563B}.Release|Any CPU.ActiveCfg = Release|Any CPU
		{3F768B79-3284-4DE4-95B4-AD6D8DF5563B}.Release|Any CPU.Build.0 = Release|Any CPU
		{CA17BB34-6DF3-4633-A10A-8329086FD7B3}.Debug|Any CPU.ActiveCfg = Debug|Any CPU
		{CA17BB34-6DF3-4633-A10A-8329086FD7B3}.Debug|Any CPU.Build.0 = Debug|Any CPU
		{CA17BB34-6DF3-4633-A10A-8329086FD7B3}.Release|Any CPU.ActiveCfg = Release|Any CPU
		{CA17BB34-6DF3-4633-A10A-8329086FD7B3}.Release|Any CPU.Build.0 = Release|Any CPU
		{F710643B-DE3A-46EC-BE20-000986EFD540}.Debug|Any CPU.ActiveCfg = Debug|Any CPU
		{F710643B-DE3A-46EC-BE20-000986EFD540}.Debug|Any CPU.Build.0 = Debug|Any CPU
		{F710643B-DE3A-46EC-BE20-000986EFD540}.Release|Any CPU.ActiveCfg = Release|Any CPU
		{F710643B-DE3A-46EC-BE20-000986EFD540}.Release|Any CPU.Build.0 = Release|Any CPU
		{5FB50481-8A84-46B3-8043-1A8D24077592}.Debug|Any CPU.ActiveCfg = Debug|Any CPU
		{5FB50481-8A84-46B3-8043-1A8D24077592}.Debug|Any CPU.Build.0 = Debug|Any CPU
		{5FB50481-8A84-46B3-8043-1A8D24077592}.Release|Any CPU.ActiveCfg = Release|Any CPU
		{5FB50481-8A84-46B3-8043-1A8D24077592}.Release|Any CPU.Build.0 = Release|Any CPU
		{FCC178AD-D8B7-46DE-8DD8-240A4FBD35FA}.Debug|Any CPU.ActiveCfg = Debug|Any CPU
		{FCC178AD-D8B7-46DE-8DD8-240A4FBD35FA}.Debug|Any CPU.Build.0 = Debug|Any CPU
		{FCC178AD-D8B7-46DE-8DD8-240A4FBD35FA}.Release|Any CPU.ActiveCfg = Release|Any CPU
		{FCC178AD-D8B7-46DE-8DD8-240A4FBD35FA}.Release|Any CPU.Build.0 = Release|Any CPU
		{51CCC6FA-C9C0-4F80-B5D9-E91FE7447326}.Debug|Any CPU.ActiveCfg = Debug|Any CPU
		{51CCC6FA-C9C0-4F80-B5D9-E91FE7447326}.Debug|Any CPU.Build.0 = Debug|Any CPU
		{51CCC6FA-C9C0-4F80-B5D9-E91FE7447326}.Release|Any CPU.ActiveCfg = Release|Any CPU
		{51CCC6FA-C9C0-4F80-B5D9-E91FE7447326}.Release|Any CPU.Build.0 = Release|Any CPU
		{A26A4205-410B-46C3-9113-0D1A24B9D728}.Debug|Any CPU.ActiveCfg = Debug|Any CPU
		{A26A4205-410B-46C3-9113-0D1A24B9D728}.Debug|Any CPU.Build.0 = Debug|Any CPU
		{A26A4205-410B-46C3-9113-0D1A24B9D728}.Release|Any CPU.ActiveCfg = Release|Any CPU
		{A26A4205-410B-46C3-9113-0D1A24B9D728}.Release|Any CPU.Build.0 = Release|Any CPU
		{9E77F73A-58DF-48AB-A26E-45C6590E0EC5}.Debug|Any CPU.ActiveCfg = Debug|Any CPU
		{9E77F73A-58DF-48AB-A26E-45C6590E0EC5}.Debug|Any CPU.Build.0 = Debug|Any CPU
		{9E77F73A-58DF-48AB-A26E-45C6590E0EC5}.Release|Any CPU.ActiveCfg = Release|Any CPU
		{9E77F73A-58DF-48AB-A26E-45C6590E0EC5}.Release|Any CPU.Build.0 = Release|Any CPU
		{E77EC233-EFF2-42B6-88A4-59D9293FFA76}.Debug|Any CPU.ActiveCfg = Debug|Any CPU
		{E77EC233-EFF2-42B6-88A4-59D9293FFA76}.Debug|Any CPU.Build.0 = Debug|Any CPU
		{E77EC233-EFF2-42B6-88A4-59D9293FFA76}.Release|Any CPU.ActiveCfg = Release|Any CPU
		{E77EC233-EFF2-42B6-88A4-59D9293FFA76}.Release|Any CPU.Build.0 = Release|Any CPU
		{62A68F02-336F-480D-828C-4A173FF25AC2}.Debug|Any CPU.ActiveCfg = Debug|Any CPU
		{62A68F02-336F-480D-828C-4A173FF25AC2}.Debug|Any CPU.Build.0 = Debug|Any CPU
		{62A68F02-336F-480D-828C-4A173FF25AC2}.Release|Any CPU.ActiveCfg = Release|Any CPU
		{62A68F02-336F-480D-828C-4A173FF25AC2}.Release|Any CPU.Build.0 = Release|Any CPU
	EndGlobalSection
	GlobalSection(SolutionProperties) = preSolution
		HideSolutionNode = FALSE
	EndGlobalSection
	GlobalSection(NestedProjects) = preSolution
		{299B16CA-3E89-40A2-80FE-EF5961AC68EF} = {0CD30967-37D2-4EEB-809C-F03D5501C3C5}
		{4DA81AE9-2497-43C4-91E1-A2B981592A45} = {0CD30967-37D2-4EEB-809C-F03D5501C3C5}
		{05616A17-A95B-401A-AD40-4DDF8EFEBE61} = {0CD30967-37D2-4EEB-809C-F03D5501C3C5}
		{B4A21DCA-9B6E-43F5-90AE-D9E5FC5BDDF0} = {06D607A8-7D64-4C83-BC81-86D3176C5940}
		{5B8EE355-E10C-4229-ACA1-C838E94576F0} = {06D607A8-7D64-4C83-BC81-86D3176C5940}
		{035A9ACD-81A3-4693-83CF-29889FD2135C} = {06D607A8-7D64-4C83-BC81-86D3176C5940}
		{A84B59B8-CBDC-4A24-8881-A542B9A458AD} = {90CED5A2-8D30-4340-9128-490291384100}
		{E58E4375-3979-4B62-90B0-660CD90F3687} = {90CED5A2-8D30-4340-9128-490291384100}
		{37C7272B-0064-4CA9-BDA2-410EADC80DD4} = {90CED5A2-8D30-4340-9128-490291384100}
		{9B706B98-50F1-4430-8EDA-E83E573D4F40} = {52D7BE43-6EC1-4ADA-A385-8082C515F2D6}
		{E12B43B1-F6C7-405C-B0AE-34EAFB30166A} = {52D7BE43-6EC1-4ADA-A385-8082C515F2D6}
		{3F768B79-3284-4DE4-95B4-AD6D8DF5563B} = {52D7BE43-6EC1-4ADA-A385-8082C515F2D6}
		{CA17BB34-6DF3-4633-A10A-8329086FD7B3} = {E8F693D3-8072-4DBA-995F-5771ECA558D0}
		{F710643B-DE3A-46EC-BE20-000986EFD540} = {E8F693D3-8072-4DBA-995F-5771ECA558D0}
		{5FB50481-8A84-46B3-8043-1A8D24077592} = {E8F693D3-8072-4DBA-995F-5771ECA558D0}
		{FCC178AD-D8B7-46DE-8DD8-240A4FBD35FA} = {17301762-DAFC-4129-A0B9-E1C4D8461128}
		{51CCC6FA-C9C0-4F80-B5D9-E91FE7447326} = {17301762-DAFC-4129-A0B9-E1C4D8461128}
		{A26A4205-410B-46C3-9113-0D1A24B9D728} = {17301762-DAFC-4129-A0B9-E1C4D8461128}
		{9E77F73A-58DF-48AB-A26E-45C6590E0EC5} = {56783347-7E22-4FE5-B6E2-EA8CD42794B3}
		{E77EC233-EFF2-42B6-88A4-59D9293FFA76} = {56783347-7E22-4FE5-B6E2-EA8CD42794B3}
		{62A68F02-336F-480D-828C-4A173FF25AC2} = {56783347-7E22-4FE5-B6E2-EA8CD42794B3}
	EndGlobalSection
	GlobalSection(ExtensibilityGlobals) = postSolution
		SolutionGuid = {63145DF1-FCA5-4987-95E1-DA2121ACEFFB}
	EndGlobalSection
EndGlobal
