
Microsoft Visual Studio Solution File, Format Version 12.00
# Visual Studio Version 17
VisualStudioVersion = 17.0.31903.59
MinimumVisualStudioVersion = 10.0.40219.1
Project("{9A19103F-16F7-4668-BE54-9A1E7A4F7556}") = "Tyuiu.ChashkovTA.Sprint2.Task0.V30.Lib", "Tyuiu.ChashkovTA.Sprint2.Task0.V30.Lib\Tyuiu.ChashkovTA.Sprint2.Task0.V30.Lib.csproj", "{299B16CA-3E89-40A2-80FE-EF5961AC68EF}"
EndProject
Project("{9A19103F-16F7-4668-BE54-9A1E7A4F7556}") = "Tyuiu.ChashkovTA.Sprint2.Task0.V30", "Tyuiu.ChashkovTA.Sprint2.Task0.V30\Tyuiu.ChashkovTA.Sprint2.Task0.V30.csproj", "{4DA81AE9-2497-43C4-91E1-A2B981592A45}"
EndProject
Project("{9A19103F-16F7-4668-BE54-9A1E7A4F7556}") = "Tyuiu.ChashkovTA.Sprint2.Task0.V30.Test", "Tyuiu.ChashkovTA.Sprint2.Task0.V30.Test\Tyuiu.ChashkovTA.Sprint2.Task0.V30.Test.csproj", "{05616A17-A95B-401A-AD40-4DDF8EFEBE61}"
EndProject
Project("{2150E333-8FDC-42A3-9474-1A3956D46DE8}") = "Task0", "Task0", "{0CD30967-37D2-4EEB-809C-F03D5501C3C5}"
EndProject
Project("{9A19103F-16F7-4668-BE54-9A1E7A4F7556}") = "Tyuiu.ChashkovTA.Sprint2.Task1.V4.Lib", "Tyuiu.ChashkovTA.Sprint2.Task1.V4.Lib\Tyuiu.ChashkovTA.Sprint2.Task1.V4.Lib.csproj", "{B4A21DCA-9B6E-43F5-90AE-D9E5FC5BDDF0}"
EndProject
Project("{9A19103F-16F7-4668-BE54-9A1E7A4F7556}") = "Tyuiu.ChashkovTA.Sprint2.Task1.V4", "Tyuiu.ChashkovTA.Sprint2.Task1.V4\Tyuiu.ChashkovTA.Sprint2.Task1.V4.csproj", "{5B8EE355-E10C-4229-ACA1-C838E94576F0}"
EndProject
Project("{9A19103F-16F7-4668-BE54-9A1E7A4F7556}") = "Tyuiu.ChashkovTA.Sprint2.Task1.V4.Test", "Tyuiu.ChashkovTA.Sprint2.Task1.V4.Test\Tyuiu.ChashkovTA.Sprint2.Task1.V4.Test.csproj", "{035A9ACD-81A3-4693-83CF-29889FD2135C}"
EndProject
Project("{2150E333-8FDC-42A3-9474-1A3956D46DE8}") = "Task1", "Task1", "{06D607A8-7D64-4C83-BC81-86D3176C5940}"
EndProject
Global
	GlobalSection(SolutionConfigurationPlatforms) = preSolution
		Debug|Any CPU = Debug|Any CPU
		Release|Any CPU = Release|Any CPU
	EndGlobalSection
	GlobalSection(ProjectConfigurationPlatforms) = postSolution
		{299B16CA-3E89-40A2-80FE-EF5961AC68EF}.Debug|Any CPU.ActiveCfg = Debug|Any CPU
		{299B16CA-3E89-40A2-80FE-EF5961AC68EF}.Debug|Any CPU.Build.0 = Debug|Any CPU
		{299B16CA-3E89-40A2-80FE-EF5961AC68EF}.Release|Any CPU.ActiveCfg = Release|Any CPU
		{299B16CA-3E89-40A2-80FE-EF5961AC68EF}.Release|Any CPU.Build.0 = Release|Any CPU
		{4DA81AE9-2497-43C4-91E1-A2B981592A45}.Debug|Any CPU.ActiveCfg = Debug|Any CPU
		{4DA81AE9-2497-43C4-91E1-A2B981592A45}.Debug|Any CPU.Build.0 = Debug|Any CPU
		{4DA81AE9-2497-43C4-91E1-A2B981592A45}.Release|Any CPU.ActiveCfg = Release|Any CPU
		{4DA81AE9-2497-43C4-91E1-A2B981592A45}.Release|Any CPU.Build.0 = Release|Any CPU
		{05616A17-A95B-401A-AD40-4DDF8EFEBE61}.Debug|Any CPU.ActiveCfg = Debug|Any CPU
		{05616A17-A95B-401A-AD40-4DDF8EFEBE61}.Debug|Any CPU.Build.0 = Debug|Any CPU
		{05616A17-A95B-401A-AD40-4DDF8EFEBE61}.Release|Any CPU.ActiveCfg = Release|Any CPU
		{05616A17-A95B-401A-AD40-4DDF8EFEBE61}.Release|Any CPU.Build.0 = Release|Any CPU
		{B4A21DCA-9B6E-43F5-90AE-D9E5FC5BDDF0}.Debug|Any CPU.ActiveCfg = Debug|Any CPU
		{B4A21DCA-9B6E-43F5-90AE-D9E5FC5BDDF0}.Debug|Any CPU.Build.0 = Debug|Any CPU
		{B4A21DCA-9B6E-43F5-90AE-D9E5FC5BDDF0}.Release|Any CPU.ActiveCfg = Release|Any CPU
		{B4A21DCA-9B6E-43F5-90AE-D9E5FC5BDDF0}.Release|Any CPU.Build.0 = Release|Any CPU
		{5B8EE355-E10C-4229-ACA1-C838E94576F0}.Debug|Any CPU.ActiveCfg = Debug|Any CPU
		{5B8EE355-E10C-4229-ACA1-C838E94576F0}.Debug|Any CPU.Build.0 = Debug|Any CPU
		{5B8EE355-E10C-4229-ACA1-C838E94576F0}.Release|Any CPU.ActiveCfg = Release|Any CPU
		{5B8EE355-E10C-4229-ACA1-C838E94576F0}.Release|Any CPU.Build.0 = Release|Any CPU
		{035A9ACD-81A3-4693-83CF-29889FD2135C}.Debug|Any CPU.ActiveCfg = Debug|Any CPU
		{035A9ACD-81A3-4693-83CF-29889FD2135C}.Debug|Any CPU.Build.0 = Debug|Any CPU
		{035A9ACD-81A3-4693-83CF-29889FD2135C}.Release|Any CPU.ActiveCfg = Release|Any CPU
		{035A9ACD-81A3-4693-83CF-29889FD2135C}.Release|Any CPU.Build.0 = Release|Any CPU
	EndGlobalSection
	GlobalSection(SolutionProperties) = preSolution
		HideSolutionNode = FALSE
	EndGlobalSection
	GlobalSection(NestedProjects) = preSolution
		{299B16CA-3E89-40A2-80FE-EF5961AC68EF} = {0CD30967-37D2-4EEB-809C-F03D5501C3C5}
		{4DA81AE9-2497-43C4-91E1-A2B981592A45} = {0CD30967-37D2-4EEB-809C-F03D5501C3C5}
		{05616A17-A95B-401A-AD40-4DDF8EFEBE61} = {0CD30967-37D2-4EEB-809C-F03D5501C3C5}
		{B4A21DCA-9B6E-43F5-90AE-D9E5FC5BDDF0} = {06D607A8-7D64-4C83-BC81-86D3176C5940}
		{5B8EE355-E10C-4229-ACA1-C838E94576F0} = {06D607A8-7D64-4C83-BC81-86D3176C5940}
		{035A9ACD-81A3-4693-83CF-29889FD2135C} = {06D607A8-7D64-4C83-BC81-86D3176C5940}
	EndGlobalSection
	GlobalSection(ExtensibilityGlobals) = postSolution
		SolutionGuid = {63145DF1-FCA5-4987-95E1-DA2121ACEFFB}
	EndGlobalSection
EndGlobal
